// !$*UTF8*$!
{
	archiveVersion = 1;
	classes = {
	};
	objectVersion = 46;
	objects = {

/* Begin PBXBuildFile section */
		0A8EEAC5C83E13E229F8C72D /* libPods-ReactDrum - App.a in Frameworks */ = {isa = PBXBuildFile; fileRef = 9E929495FC10E4B902116F12 /* libPods-ReactDrum - App.a */; };
		146B27EBF155A8DC7F9B7FBE /* include_juce_opengl.mm in Sources */ = {isa = PBXBuildFile; fileRef = E23471E9A110994219A176D0 /* include_juce_opengl.mm */; };
		183C89367B801DB98F6E60FE /* CoreAudio.framework in Frameworks */ = {isa = PBXBuildFile; fileRef = 79FD5CD81C54E1EDFD34F372 /* CoreAudio.framework */; };
		1AC3555EFD3F7DF58A5DD535 /* include_juce_data_structures.mm in Sources */ = {isa = PBXBuildFile; fileRef = E9C2461973A118201167AF01 /* include_juce_data_structures.mm */; };
		234937BA8AD8DC707B7F0586 /* include_juce_audio_formats.mm in Sources */ = {isa = PBXBuildFile; fileRef = 6F12EBFABEBF6E0F330912EF /* include_juce_audio_formats.mm */; };
		2A30AC2387A9DC4F51D157B6 /* include_juce_audio_basics.mm in Sources */ = {isa = PBXBuildFile; fileRef = 539779325491EF871DA96A91 /* include_juce_audio_basics.mm */; };
		4DA4022CA807349FB38DD147 /* include_juce_audio_processors.mm in Sources */ = {isa = PBXBuildFile; fileRef = D6F0EAADADB83418506595B3 /* include_juce_audio_processors.mm */; };
		586CDEED5BAB218F0D616065 /* Main.cpp in Sources */ = {isa = PBXBuildFile; fileRef = 5C9BD0926D13A5BF0797707D /* Main.cpp */; };
		58BC5F4AD10C25A9C86D1BD1 /* Images.xcassets in Resources */ = {isa = PBXBuildFile; fileRef = C1BA1C8964F96817E97428D6 /* Images.xcassets */; };
		5B8B6D11C34AD54DDAA863D0 /* include_juce_gui_extra.mm in Sources */ = {isa = PBXBuildFile; fileRef = 0434052325F11B99F07903BF /* include_juce_gui_extra.mm */; };
		5FE78AB93FB3D4C00C630E40 /* QuartzCore.framework in Frameworks */ = {isa = PBXBuildFile; fileRef = CB4DB0F8412AD626900A547B /* QuartzCore.framework */; };
		630848317C7E3D861B76DBDD /* CoreAudioKit.framework in Frameworks */ = {isa = PBXBuildFile; fileRef = 9C2FA0ED08503CDB8E137CD6 /* CoreAudioKit.framework */; };
		6875779D4D4D2E40E9956576 /* include_juce_graphics.mm in Sources */ = {isa = PBXBuildFile; fileRef = 58FEEEF598F97119A4AF5E5E /* include_juce_graphics.mm */; };
		6A52B68A120AE0C7F253EF1F /* AudioToolbox.framework in Frameworks */ = {isa = PBXBuildFile; fileRef = ECF3A241A917F81B7E27D8C5 /* AudioToolbox.framework */; };
		70FD1094A0DD500FB0721C35 /* CoreGraphics.framework in Frameworks */ = {isa = PBXBuildFile; fileRef = 03999C04D9416D484B461ACE /* CoreGraphics.framework */; };
		73DE903C3D344C93E82711AD /* UIKit.framework in Frameworks */ = {isa = PBXBuildFile; fileRef = B87C41F070365CE58D7224AA /* UIKit.framework */; };
		7967CE0885B46E8B72E92AD5 /* include_juce_audio_utils.mm in Sources */ = {isa = PBXBuildFile; fileRef = CEB50B3B569B7829A9DEED7F /* include_juce_audio_utils.mm */; };
		796B0BE7540F0FC59DA64770 /* ReactJuceView.mm in Sources */ = {isa = PBXBuildFile; fileRef = EDD956F4E04B5942E3C3EAED /* ReactJuceView.mm */; };
		7FA1CF209500189EDFB080F1 /* include_juce_cryptography.mm in Sources */ = {isa = PBXBuildFile; fileRef = 10B525CF13F736DFBC6C0709 /* include_juce_cryptography.mm */; };
		83F5F5AD7F2EB13C06C1B75B /* AVFoundation.framework in Frameworks */ = {isa = PBXBuildFile; fileRef = F046E8E0C2C9D02E21A9A7AB /* AVFoundation.framework */; };
		8C3161EF4B7F2AB01FFF9C03 /* include_juce_gui_basics.mm in Sources */ = {isa = PBXBuildFile; fileRef = 4BDE9C3BD617B9C912EC187C /* include_juce_gui_basics.mm */; };
		9444AD0CDF64ED2EE64B6A48 /* Foundation.framework in Frameworks */ = {isa = PBXBuildFile; fileRef = 7E478944841F9733DAFDB4FE /* Foundation.framework */; };
		B076D64C5A99153107183E4C /* MainWindowIOS.mm in Sources */ = {isa = PBXBuildFile; fileRef = 70DC188F2860503E005526BE /* MainWindowIOS.mm */; };
		B1228E9B903F2D4B6C759AB1 /* include_juce_events.mm in Sources */ = {isa = PBXBuildFile; fileRef = BCD5DE67A7CCA32C3B2E58EB /* include_juce_events.mm */; };
		B16AEED56CBA24C30E45764C /* CoreMIDI.framework in Frameworks */ = {isa = PBXBuildFile; fileRef = 3581044231FC63F8A3C71FAA /* CoreMIDI.framework */; };
		B7ACFF93B3C66BC58EAACF18 /* CoreText.framework in Frameworks */ = {isa = PBXBuildFile; fileRef = D6DA154158FF3D0BFAE2A8E5 /* CoreText.framework */; };
		BA68BDF7D8FFE0F5CF2188F1 /* ReactJuceModule.mm in Sources */ = {isa = PBXBuildFile; fileRef = 50895E4EA34D452227A84868 /* ReactJuceModule.mm */; };
		BFBDA8F08A8E64C407848088 /* include_juce_core.mm in Sources */ = {isa = PBXBuildFile; fileRef = CC44DE08D5C624EB5837E3BE /* include_juce_core.mm */; };
		C036C3C75449952A97AAFACC /* MainComponent.h in Sources */ = {isa = PBXBuildFile; fileRef = BD1821A4943A8921AE9445CE /* MainComponent.h */; };
		CC33475279DD625098241DBE /* include_juce_audio_devices.mm in Sources */ = {isa = PBXBuildFile; fileRef = ED832807FC171C0AEB7C512C /* include_juce_audio_devices.mm */; };
		D2768FECA8C3544BF395B5E3 /* include_juce_video.mm in Sources */ = {isa = PBXBuildFile; fileRef = B1176843353211CF6B48ED33 /* include_juce_video.mm */; };
		D5AB83ECCE4D99F3F85D1588 /* BinaryData.cpp in Sources */ = {isa = PBXBuildFile; fileRef = 236BF1CC5AC24BBB7F7880E0 /* BinaryData.cpp */; };
		DD98204A17C17A63A8E078E3 /* OpenGLES.framework in Frameworks */ = {isa = PBXBuildFile; fileRef = 0701B18F8080F2724DE303E5 /* OpenGLES.framework */; };
		E3F287C8260D25ECD6277A0A /* ReactJuceViewManager.mm in Sources */ = {isa = PBXBuildFile; fileRef = 04A6A65E275F8038944E9181 /* ReactJuceViewManager.mm */; };
		EBA282384E7C6B6E66E0C448 /* Accelerate.framework in Frameworks */ = {isa = PBXBuildFile; fileRef = 36602F0E635FDA2C53AD4ABF /* Accelerate.framework */; };
		ECBE5BDD2A081F6BD233607C /* ReactDrumView.mm in Sources */ = {isa = PBXBuildFile; fileRef = BBFF661B9EAD8FEE47E6E9ED /* ReactDrumView.mm */; };
/* End PBXBuildFile section */

/* Begin PBXFileReference section */
		03999C04D9416D484B461ACE /* CoreGraphics.framework */ = {isa = PBXFileReference; lastKnownFileType = wrapper.framework; name = CoreGraphics.framework; path = System/Library/Frameworks/CoreGraphics.framework; sourceTree = SDKROOT; };
		0434052325F11B99F07903BF /* include_juce_gui_extra.mm */ = {isa = PBXFileReference; lastKnownFileType = sourcecode.cpp.objcpp; name = include_juce_gui_extra.mm; path = ../../JuceLibraryCode/include_juce_gui_extra.mm; sourceTree = SOURCE_ROOT; };
		04A6A65E275F8038944E9181 /* ReactJuceViewManager.mm */ = {isa = PBXFileReference; lastKnownFileType = sourcecode.cpp.objcpp; name = ReactJuceViewManager.mm; path = ../../Source/iOS/ReactJuceViewManager.mm; sourceTree = SOURCE_ROOT; };
		0701B18F8080F2724DE303E5 /* OpenGLES.framework */ = {isa = PBXFileReference; lastKnownFileType = wrapper.framework; name = OpenGLES.framework; path = System/Library/Frameworks/OpenGLES.framework; sourceTree = SDKROOT; };
		10B525CF13F736DFBC6C0709 /* include_juce_cryptography.mm */ = {isa = PBXFileReference; lastKnownFileType = sourcecode.cpp.objcpp; name = include_juce_cryptography.mm; path = ../../JuceLibraryCode/include_juce_cryptography.mm; sourceTree = SOURCE_ROOT; };
		124606B029C8A4EB29B3FFDA /* Info-App.plist */ = {isa = PBXFileReference; lastKnownFileType = text.plist.xml; name = "Info-App.plist"; path = "Info-App.plist"; sourceTree = SOURCE_ROOT; };
		14A6F98401A90A2B031BF55C /* juce_video */ = {isa = PBXFileReference; lastKnownFileType = file; name = juce_video; path = ../../JUCE/modules/juce_video; sourceTree = SOURCE_ROOT; };
		1BFB2C7D04F15DF3D7EFE2D4 /* HelperMethods.h */ = {isa = PBXFileReference; lastKnownFileType = sourcecode.c.h; name = HelperMethods.h; path = ../../Source/HelperMethods.h; sourceTree = SOURCE_ROOT; };
		1ED7CDC20B9E4F123ABB8562 /* MainWindowIOS.h */ = {isa = PBXFileReference; lastKnownFileType = sourcecode.c.h; name = MainWindowIOS.h; path = ../../Source/iOS/MainWindowIOS.h; sourceTree = SOURCE_ROOT; };
		21EE310A7750CE587C9EE0E8 /* Roll.ogg */ = {isa = PBXFileReference; lastKnownFileType = file.ogg; name = Roll.ogg; path = ../../BinaryData/Roll.ogg; sourceTree = SOURCE_ROOT; };
		236BF1CC5AC24BBB7F7880E0 /* BinaryData.cpp */ = {isa = PBXFileReference; lastKnownFileType = sourcecode.cpp.cpp; name = BinaryData.cpp; path = ../../JuceLibraryCode/BinaryData.cpp; sourceTree = SOURCE_ROOT; };
		254E29762674B116252F04FE /* ReactJuceView.h */ = {isa = PBXFileReference; lastKnownFileType = sourcecode.c.h; name = ReactJuceView.h; path = ../../Source/iOS/ReactJuceView.h; sourceTree = SOURCE_ROOT; };
		278CE7CB4EBB258264218627 /* ReactJuceModule.h */ = {isa = PBXFileReference; lastKnownFileType = sourcecode.c.h; name = ReactJuceModule.h; path = ../../Source/iOS/ReactJuceModule.h; sourceTree = SOURCE_ROOT; };
		2C974696A7A3BECDA56F5616 /* juce_graphics */ = {isa = PBXFileReference; lastKnownFileType = file; name = juce_graphics; path = ../../JUCE/modules/juce_graphics; sourceTree = SOURCE_ROOT; };
		2EA7B6510D139A0C6FAF55B1 /* ReactDrum.app */ = {isa = PBXFileReference; explicitFileType = wrapper.application; includeInIndex = 0; path = ReactDrum.app; sourceTree = BUILT_PRODUCTS_DIR; };
		3033231F3E880D04655A3FF8 /* AppConfig.h */ = {isa = PBXFileReference; lastKnownFileType = sourcecode.c.h; name = AppConfig.h; path = ../../JuceLibraryCode/AppConfig.h; sourceTree = SOURCE_ROOT; };
		3581044231FC63F8A3C71FAA /* CoreMIDI.framework */ = {isa = PBXFileReference; lastKnownFileType = wrapper.framework; name = CoreMIDI.framework; path = System/Library/Frameworks/CoreMIDI.framework; sourceTree = SDKROOT; };
		36602F0E635FDA2C53AD4ABF /* Accelerate.framework */ = {isa = PBXFileReference; lastKnownFileType = wrapper.framework; name = Accelerate.framework; path = System/Library/Frameworks/Accelerate.framework; sourceTree = SDKROOT; };
		397E7C90ACFC17776626DA5D /* SnareThud.ogg */ = {isa = PBXFileReference; lastKnownFileType = file.ogg; name = SnareThud.ogg; path = ../../BinaryData/SnareThud.ogg; sourceTree = SOURCE_ROOT; };
		3EA613ACBBF6FAA40DA51D69 /* KICK+HAT-02.ogg */ = {isa = PBXFileReference; lastKnownFileType = file.ogg; name = "KICK+HAT-02.ogg"; path = "../../BinaryData/KICK+HAT-02.ogg"; sourceTree = SOURCE_ROOT; };
		40A4FE9B680C7FF52342DE6D /* Pods-ReactDrum - App.release.xcconfig */ = {isa = PBXFileReference; includeInIndex = 1; lastKnownFileType = text.xcconfig; name = "Pods-ReactDrum - App.release.xcconfig"; path = "Pods/Target Support Files/Pods-ReactDrum - App/Pods-ReactDrum - App.release.xcconfig"; sourceTree = "<group>"; };
		4235B240B212789207A49210 /* MainWindow.h */ = {isa = PBXFileReference; lastKnownFileType = sourcecode.c.h; name = MainWindow.h; path = ../../Source/MainWindow.h; sourceTree = SOURCE_ROOT; };
		4B18AB28C2F734C6C30B70BC /* SnareDeep.ogg */ = {isa = PBXFileReference; lastKnownFileType = file.ogg; name = SnareDeep.ogg; path = ../../BinaryData/SnareDeep.ogg; sourceTree = SOURCE_ROOT; };
		4BDE9C3BD617B9C912EC187C /* include_juce_gui_basics.mm */ = {isa = PBXFileReference; lastKnownFileType = sourcecode.cpp.objcpp; name = include_juce_gui_basics.mm; path = ../../JuceLibraryCode/include_juce_gui_basics.mm; sourceTree = SOURCE_ROOT; };
		50895E4EA34D452227A84868 /* ReactJuceModule.mm */ = {isa = PBXFileReference; lastKnownFileType = sourcecode.cpp.objcpp; name = ReactJuceModule.mm; path = ../../Source/iOS/ReactJuceModule.mm; sourceTree = SOURCE_ROOT; };
		52CB56CD10FADF82576E4655 /* juce_core */ = {isa = PBXFileReference; lastKnownFileType = file; name = juce_core; path = ../../JUCE/modules/juce_core; sourceTree = SOURCE_ROOT; };
		539779325491EF871DA96A91 /* include_juce_audio_basics.mm */ = {isa = PBXFileReference; lastKnownFileType = sourcecode.cpp.objcpp; name = include_juce_audio_basics.mm; path = ../../JuceLibraryCode/include_juce_audio_basics.mm; sourceTree = SOURCE_ROOT; };
		555BFD1F216FEE31876C7254 /* SineHackDelay #6 atmos lp.ogg */ = {isa = PBXFileReference; lastKnownFileType = file.ogg; name = "SineHackDelay #6 atmos lp.ogg"; path = "../../BinaryData/SineHackDelay #6 atmos lp.ogg"; sourceTree = SOURCE_ROOT; };
		58FEEEF598F97119A4AF5E5E /* include_juce_graphics.mm */ = {isa = PBXFileReference; lastKnownFileType = sourcecode.cpp.objcpp; name = include_juce_graphics.mm; path = ../../JuceLibraryCode/include_juce_graphics.mm; sourceTree = SOURCE_ROOT; };
		5C9BD0926D13A5BF0797707D /* Main.cpp */ = {isa = PBXFileReference; lastKnownFileType = sourcecode.cpp.cpp; name = Main.cpp; path = ../../Source/Main.cpp; sourceTree = SOURCE_ROOT; };
		614F28458401942D1A227D84 /* noiz hats spring+eq 3 004.ogg */ = {isa = PBXFileReference; lastKnownFileType = file.ogg; name = "noiz hats spring+eq 3 004.ogg"; path = "../../BinaryData/noiz hats spring+eq 3 004.ogg"; sourceTree = SOURCE_ROOT; };
		6F12EBFABEBF6E0F330912EF /* include_juce_audio_formats.mm */ = {isa = PBXFileReference; lastKnownFileType = sourcecode.cpp.objcpp; name = include_juce_audio_formats.mm; path = ../../JuceLibraryCode/include_juce_audio_formats.mm; sourceTree = SOURCE_ROOT; };
		70DC188F2860503E005526BE /* MainWindowIOS.mm */ = {isa = PBXFileReference; lastKnownFileType = sourcecode.cpp.objcpp; name = MainWindowIOS.mm; path = ../../Source/iOS/MainWindowIOS.mm; sourceTree = SOURCE_ROOT; };
		79FD5CD81C54E1EDFD34F372 /* CoreAudio.framework */ = {isa = PBXFileReference; lastKnownFileType = wrapper.framework; name = CoreAudio.framework; path = System/Library/Frameworks/CoreAudio.framework; sourceTree = SDKROOT; };
		7E478944841F9733DAFDB4FE /* Foundation.framework */ = {isa = PBXFileReference; lastKnownFileType = wrapper.framework; name = Foundation.framework; path = System/Library/Frameworks/Foundation.framework; sourceTree = SDKROOT; };
		846E8700C7541DA0C0B2DF75 /* juce_opengl */ = {isa = PBXFileReference; lastKnownFileType = file; name = juce_opengl; path = ../../JUCE/modules/juce_opengl; sourceTree = SOURCE_ROOT; };
		87C938B8C072445CFAAD467C /* Bell_Forbidden2.ogg */ = {isa = PBXFileReference; lastKnownFileType = file.ogg; name = Bell_Forbidden2.ogg; path = ../../BinaryData/Bell_Forbidden2.ogg; sourceTree = SOURCE_ROOT; };
		8AFCBAD4E034CA9EB012B476 /* DUBRIM-06.ogg */ = {isa = PBXFileReference; lastKnownFileType = file.ogg; name = "DUBRIM-06.ogg"; path = "../../BinaryData/DUBRIM-06.ogg"; sourceTree = SOURCE_ROOT; };
		8B62B4BC1206195EB8968ECD /* Bad roll.ogg */ = {isa = PBXFileReference; lastKnownFileType = file.ogg; name = "Bad roll.ogg"; path = "../../BinaryData/Bad roll.ogg"; sourceTree = SOURCE_ROOT; };
		8C4A853CFA5FF9BD46AAB7D3 /* juce_audio_utils */ = {isa = PBXFileReference; lastKnownFileType = file; name = juce_audio_utils; path = ../../JUCE/modules/juce_audio_utils; sourceTree = SOURCE_ROOT; };
		8F49143B97CE94F04594DA11 /* thisWorld end.ogg */ = {isa = PBXFileReference; lastKnownFileType = file.ogg; name = "thisWorld end.ogg"; path = "../../BinaryData/thisWorld end.ogg"; sourceTree = SOURCE_ROOT; };
		940CA7CCFFE0FB7D0FA99C58 /* juce_gui_basics */ = {isa = PBXFileReference; lastKnownFileType = file; name = juce_gui_basics; path = ../../JUCE/modules/juce_gui_basics; sourceTree = SOURCE_ROOT; };
		9B64CFA79F2C99AC3B6EE400 /* cr78 rim spring 003.ogg */ = {isa = PBXFileReference; lastKnownFileType = file.ogg; name = "cr78 rim spring 003.ogg"; path = "../../BinaryData/cr78 rim spring 003.ogg"; sourceTree = SOURCE_ROOT; };
		9C2FA0ED08503CDB8E137CD6 /* CoreAudioKit.framework */ = {isa = PBXFileReference; lastKnownFileType = wrapper.framework; name = CoreAudioKit.framework; path = System/Library/Frameworks/CoreAudioKit.framework; sourceTree = SDKROOT; };
		9DD56C9B81FDC98943F14894 /* juce_audio_basics */ = {isa = PBXFileReference; lastKnownFileType = file; name = juce_audio_basics; path = ../../JUCE/modules/juce_audio_basics; sourceTree = SOURCE_ROOT; };
		9E929495FC10E4B902116F12 /* libPods-ReactDrum - App.a */ = {isa = PBXFileReference; explicitFileType = archive.ar; includeInIndex = 0; path = "libPods-ReactDrum - App.a"; sourceTree = BUILT_PRODUCTS_DIR; };
		9E972356343132D51D9D02BA /* juce_audio_processors */ = {isa = PBXFileReference; lastKnownFileType = file; name = juce_audio_processors; path = ../../JUCE/modules/juce_audio_processors; sourceTree = SOURCE_ROOT; };
		A1E519D1D501DF881D4448F7 /* Cym_OldTapeNoGood.ogg */ = {isa = PBXFileReference; lastKnownFileType = file.ogg; name = Cym_OldTapeNoGood.ogg; path = ../../BinaryData/Cym_OldTapeNoGood.ogg; sourceTree = SOURCE_ROOT; };
		A5A987E7FF62A412155CEEC8 /* juce_events */ = {isa = PBXFileReference; lastKnownFileType = file; name = juce_events; path = ../../JUCE/modules/juce_events; sourceTree = SOURCE_ROOT; };
		ABFD19042B37C55C5D0BABB0 /* juce_cryptography */ = {isa = PBXFileReference; lastKnownFileType = file; name = juce_cryptography; path = ../../JUCE/modules/juce_cryptography; sourceTree = SOURCE_ROOT; };
		B1176843353211CF6B48ED33 /* include_juce_video.mm */ = {isa = PBXFileReference; lastKnownFileType = sourcecode.cpp.objcpp; name = include_juce_video.mm; path = ../../JuceLibraryCode/include_juce_video.mm; sourceTree = SOURCE_ROOT; };
		B6180ECFEA329EF0572D5AC2 /* Chhhhaah.ogg */ = {isa = PBXFileReference; lastKnownFileType = file.ogg; name = Chhhhaah.ogg; path = ../../BinaryData/Chhhhaah.ogg; sourceTree = SOURCE_ROOT; };
		B87C41F070365CE58D7224AA /* UIKit.framework */ = {isa = PBXFileReference; lastKnownFileType = wrapper.framework; name = UIKit.framework; path = System/Library/Frameworks/UIKit.framework; sourceTree = SDKROOT; };
		BAF6871E9CE1B3B6FBD1CD4F /* phat_break1.ogg */ = {isa = PBXFileReference; lastKnownFileType = file.ogg; name = phat_break1.ogg; path = ../../BinaryData/phat_break1.ogg; sourceTree = SOURCE_ROOT; };
		BBFF661B9EAD8FEE47E6E9ED /* ReactDrumView.mm */ = {isa = PBXFileReference; lastKnownFileType = sourcecode.cpp.objcpp; name = ReactDrumView.mm; path = ../../Source/iOS/ReactDrumView.mm; sourceTree = SOURCE_ROOT; };
		BCD5DE67A7CCA32C3B2E58EB /* include_juce_events.mm */ = {isa = PBXFileReference; lastKnownFileType = sourcecode.cpp.objcpp; name = include_juce_events.mm; path = ../../JuceLibraryCode/include_juce_events.mm; sourceTree = SOURCE_ROOT; };
		BD1821A4943A8921AE9445CE /* MainComponent.h */ = {isa = PBXFileReference; lastKnownFileType = sourcecode.c.h; name = MainComponent.h; path = ../../Source/MainComponent.h; sourceTree = SOURCE_ROOT; };
		BDA6134A4589424BCFCEB5A5 /* juce_data_structures */ = {isa = PBXFileReference; lastKnownFileType = file; name = juce_data_structures; path = ../../JUCE/modules/juce_data_structures; sourceTree = SOURCE_ROOT; };
		BF44A4796C56A58F1A6FDA96 /* Ride_BluesbreakDrums2.ogg */ = {isa = PBXFileReference; lastKnownFileType = file.ogg; name = Ride_BluesbreakDrums2.ogg; path = ../../BinaryData/Ride_BluesbreakDrums2.ogg; sourceTree = SOURCE_ROOT; };
		C1BA1C8964F96817E97428D6 /* Images.xcassets */ = {isa = PBXFileReference; lastKnownFileType = folder.assetcatalog; name = Images.xcassets; path = ReactDrum/Images.xcassets; sourceTree = SOURCE_ROOT; };
		C4B7B4F7D33882251F6E8F7D /* juce_gui_extra */ = {isa = PBXFileReference; lastKnownFileType = file; name = juce_gui_extra; path = ../../JUCE/modules/juce_gui_extra; sourceTree = SOURCE_ROOT; };
		C84D1DA83221BF140ADF13E1 /* JuceHeader.h */ = {isa = PBXFileReference; lastKnownFileType = sourcecode.c.h; name = JuceHeader.h; path = ../../JuceLibraryCode/JuceHeader.h; sourceTree = SOURCE_ROOT; };
		C98F3684FCC2AD798B090012 /* ReactJuceViewManager.h */ = {isa = PBXFileReference; lastKnownFileType = sourcecode.c.h; name = ReactJuceViewManager.h; path = ../../Source/iOS/ReactJuceViewManager.h; sourceTree = SOURCE_ROOT; };
		CB4DB0F8412AD626900A547B /* QuartzCore.framework */ = {isa = PBXFileReference; lastKnownFileType = wrapper.framework; name = QuartzCore.framework; path = System/Library/Frameworks/QuartzCore.framework; sourceTree = SDKROOT; };
		CC44DE08D5C624EB5837E3BE /* include_juce_core.mm */ = {isa = PBXFileReference; lastKnownFileType = sourcecode.cpp.objcpp; name = include_juce_core.mm; path = ../../JuceLibraryCode/include_juce_core.mm; sourceTree = SOURCE_ROOT; };
		CEB50B3B569B7829A9DEED7F /* include_juce_audio_utils.mm */ = {isa = PBXFileReference; lastKnownFileType = sourcecode.cpp.objcpp; name = include_juce_audio_utils.mm; path = ../../JuceLibraryCode/include_juce_audio_utils.mm; sourceTree = SOURCE_ROOT; };
		D6DA154158FF3D0BFAE2A8E5 /* CoreText.framework */ = {isa = PBXFileReference; lastKnownFileType = wrapper.framework; name = CoreText.framework; path = System/Library/Frameworks/CoreText.framework; sourceTree = SDKROOT; };
		D6F0EAADADB83418506595B3 /* include_juce_audio_processors.mm */ = {isa = PBXFileReference; lastKnownFileType = sourcecode.cpp.objcpp; name = include_juce_audio_processors.mm; path = ../../JuceLibraryCode/include_juce_audio_processors.mm; sourceTree = SOURCE_ROOT; };
		D7C9723F47CB9534746A7A76 /* Ride_TastyReal_03.ogg */ = {isa = PBXFileReference; lastKnownFileType = file.ogg; name = Ride_TastyReal_03.ogg; path = ../../BinaryData/Ride_TastyReal_03.ogg; sourceTree = SOURCE_ROOT; };
		D8315E6CFBBD2CF7719566A5 /* BinaryData.h */ = {isa = PBXFileReference; lastKnownFileType = sourcecode.c.h; name = BinaryData.h; path = ../../JuceLibraryCode/BinaryData.h; sourceTree = SOURCE_ROOT; };
		E0F1C7B6087F47BA477752E0 /* juce_audio_formats */ = {isa = PBXFileReference; lastKnownFileType = file; name = juce_audio_formats; path = ../../JUCE/modules/juce_audio_formats; sourceTree = SOURCE_ROOT; };
		E17CED8B71297800CFB2E58C /* ReactDrumView.h */ = {isa = PBXFileReference; lastKnownFileType = sourcecode.c.h; name = ReactDrumView.h; path = ../../Source/iOS/ReactDrumView.h; sourceTree = SOURCE_ROOT; };
		E23471E9A110994219A176D0 /* include_juce_opengl.mm */ = {isa = PBXFileReference; lastKnownFileType = sourcecode.cpp.objcpp; name = include_juce_opengl.mm; path = ../../JuceLibraryCode/include_juce_opengl.mm; sourceTree = SOURCE_ROOT; };
		E86C08D49CE51D52269E10A9 /* Pods-ReactDrum - App.debug.xcconfig */ = {isa = PBXFileReference; includeInIndex = 1; lastKnownFileType = text.xcconfig; name = "Pods-ReactDrum - App.debug.xcconfig"; path = "Pods/Target Support Files/Pods-ReactDrum - App/Pods-ReactDrum - App.debug.xcconfig"; sourceTree = "<group>"; };
		E9C2461973A118201167AF01 /* include_juce_data_structures.mm */ = {isa = PBXFileReference; lastKnownFileType = sourcecode.cpp.objcpp; name = include_juce_data_structures.mm; path = ../../JuceLibraryCode/include_juce_data_structures.mm; sourceTree = SOURCE_ROOT; };
		ECF3A241A917F81B7E27D8C5 /* AudioToolbox.framework */ = {isa = PBXFileReference; lastKnownFileType = wrapper.framework; name = AudioToolbox.framework; path = System/Library/Frameworks/AudioToolbox.framework; sourceTree = SDKROOT; };
		ED832807FC171C0AEB7C512C /* include_juce_audio_devices.mm */ = {isa = PBXFileReference; lastKnownFileType = sourcecode.cpp.objcpp; name = include_juce_audio_devices.mm; path = ../../JuceLibraryCode/include_juce_audio_devices.mm; sourceTree = SOURCE_ROOT; };
		EDD956F4E04B5942E3C3EAED /* ReactJuceView.mm */ = {isa = PBXFileReference; lastKnownFileType = sourcecode.cpp.objcpp; name = ReactJuceView.mm; path = ../../Source/iOS/ReactJuceView.mm; sourceTree = SOURCE_ROOT; };
		EEE63A331C542293631DB51B /* Cym_MoonTrouper1.ogg */ = {isa = PBXFileReference; lastKnownFileType = file.ogg; name = Cym_MoonTrouper1.ogg; path = ../../BinaryData/Cym_MoonTrouper1.ogg; sourceTree = SOURCE_ROOT; };
		F046E8E0C2C9D02E21A9A7AB /* AVFoundation.framework */ = {isa = PBXFileReference; lastKnownFileType = wrapper.framework; name = AVFoundation.framework; path = System/Library/Frameworks/AVFoundation.framework; sourceTree = SDKROOT; };
		F60E73773340E9E8F056E205 /* juce_audio_devices */ = {isa = PBXFileReference; lastKnownFileType = file; name = juce_audio_devices; path = ../../JUCE/modules/juce_audio_devices; sourceTree = SOURCE_ROOT; };
		F83ECF7457A8B4B1947ABCBD /* Dark hit.ogg */ = {isa = PBXFileReference; lastKnownFileType = file.ogg; name = "Dark hit.ogg"; path = "../../BinaryData/Dark hit.ogg"; sourceTree = SOURCE_ROOT; };
/* End PBXFileReference section */

/* Begin PBXFrameworksBuildPhase section */
		5A1E42DAF5E5819EF1053AA5 /* Frameworks */ = {
			isa = PBXFrameworksBuildPhase;
			buildActionMask = 2147483647;
			files = (
				EBA282384E7C6B6E66E0C448 /* Accelerate.framework in Frameworks */,
				6A52B68A120AE0C7F253EF1F /* AudioToolbox.framework in Frameworks */,
				83F5F5AD7F2EB13C06C1B75B /* AVFoundation.framework in Frameworks */,
				183C89367B801DB98F6E60FE /* CoreAudio.framework in Frameworks */,
				630848317C7E3D861B76DBDD /* CoreAudioKit.framework in Frameworks */,
				70FD1094A0DD500FB0721C35 /* CoreGraphics.framework in Frameworks */,
				B16AEED56CBA24C30E45764C /* CoreMIDI.framework in Frameworks */,
				B7ACFF93B3C66BC58EAACF18 /* CoreText.framework in Frameworks */,
				9444AD0CDF64ED2EE64B6A48 /* Foundation.framework in Frameworks */,
				DD98204A17C17A63A8E078E3 /* OpenGLES.framework in Frameworks */,
				5FE78AB93FB3D4C00C630E40 /* QuartzCore.framework in Frameworks */,
				73DE903C3D344C93E82711AD /* UIKit.framework in Frameworks */,
				0A8EEAC5C83E13E229F8C72D /* libPods-ReactDrum - App.a in Frameworks */,
			);
			runOnlyForDeploymentPostprocessing = 0;
		};
/* End PBXFrameworksBuildPhase section */

/* Begin PBXGroup section */
		1DAD9721400859A08993E9BE /* Juce Modules */ = {
			isa = PBXGroup;
			children = (
				9DD56C9B81FDC98943F14894 /* juce_audio_basics */,
				F60E73773340E9E8F056E205 /* juce_audio_devices */,
				E0F1C7B6087F47BA477752E0 /* juce_audio_formats */,
				9E972356343132D51D9D02BA /* juce_audio_processors */,
				8C4A853CFA5FF9BD46AAB7D3 /* juce_audio_utils */,
				52CB56CD10FADF82576E4655 /* juce_core */,
				ABFD19042B37C55C5D0BABB0 /* juce_cryptography */,
				BDA6134A4589424BCFCEB5A5 /* juce_data_structures */,
				A5A987E7FF62A412155CEEC8 /* juce_events */,
				2C974696A7A3BECDA56F5616 /* juce_graphics */,
				940CA7CCFFE0FB7D0FA99C58 /* juce_gui_basics */,
				C4B7B4F7D33882251F6E8F7D /* juce_gui_extra */,
				846E8700C7541DA0C0B2DF75 /* juce_opengl */,
				14A6F98401A90A2B031BF55C /* juce_video */,
			);
			name = "Juce Modules";
			sourceTree = "<group>";
		};
		1FBBB43041CB5CD16B0D20B7 /* Frameworks */ = {
			isa = PBXGroup;
			children = (
				36602F0E635FDA2C53AD4ABF /* Accelerate.framework */,
				ECF3A241A917F81B7E27D8C5 /* AudioToolbox.framework */,
				F046E8E0C2C9D02E21A9A7AB /* AVFoundation.framework */,
				79FD5CD81C54E1EDFD34F372 /* CoreAudio.framework */,
				9C2FA0ED08503CDB8E137CD6 /* CoreAudioKit.framework */,
				03999C04D9416D484B461ACE /* CoreGraphics.framework */,
				3581044231FC63F8A3C71FAA /* CoreMIDI.framework */,
				D6DA154158FF3D0BFAE2A8E5 /* CoreText.framework */,
				7E478944841F9733DAFDB4FE /* Foundation.framework */,
				0701B18F8080F2724DE303E5 /* OpenGLES.framework */,
				CB4DB0F8412AD626900A547B /* QuartzCore.framework */,
				B87C41F070365CE58D7224AA /* UIKit.framework */,
				9E929495FC10E4B902116F12 /* libPods-ReactDrum - App.a */,
			);
			name = Frameworks;
			sourceTree = "<group>";
		};
		8B69AFD70B7CCA8AED69182D = {
			isa = PBXGroup;
			children = (
				BB019B44809224183575873C /* ReactDrum */,
				1DAD9721400859A08993E9BE /* Juce Modules */,
				AC175F9830E13422F4E76279 /* Juce Library Code */,
				EB426E590A0BB7263F89D7BC /* Resources */,
				1FBBB43041CB5CD16B0D20B7 /* Frameworks */,
				D3D5A21252479FEE1454837A /* Products */,
				F0E9050C0CAA2E808986D36C /* Pods */,
			);
			name = Source;
			sourceTree = "<group>";
		};
		AC175F9830E13422F4E76279 /* Juce Library Code */ = {
			isa = PBXGroup;
			children = (
				3033231F3E880D04655A3FF8 /* AppConfig.h */,
				236BF1CC5AC24BBB7F7880E0 /* BinaryData.cpp */,
				D8315E6CFBBD2CF7719566A5 /* BinaryData.h */,
				539779325491EF871DA96A91 /* include_juce_audio_basics.mm */,
				ED832807FC171C0AEB7C512C /* include_juce_audio_devices.mm */,
				6F12EBFABEBF6E0F330912EF /* include_juce_audio_formats.mm */,
				D6F0EAADADB83418506595B3 /* include_juce_audio_processors.mm */,
				CEB50B3B569B7829A9DEED7F /* include_juce_audio_utils.mm */,
				CC44DE08D5C624EB5837E3BE /* include_juce_core.mm */,
				10B525CF13F736DFBC6C0709 /* include_juce_cryptography.mm */,
				E9C2461973A118201167AF01 /* include_juce_data_structures.mm */,
				BCD5DE67A7CCA32C3B2E58EB /* include_juce_events.mm */,
				58FEEEF598F97119A4AF5E5E /* include_juce_graphics.mm */,
				4BDE9C3BD617B9C912EC187C /* include_juce_gui_basics.mm */,
				0434052325F11B99F07903BF /* include_juce_gui_extra.mm */,
				E23471E9A110994219A176D0 /* include_juce_opengl.mm */,
				B1176843353211CF6B48ED33 /* include_juce_video.mm */,
				C84D1DA83221BF140ADF13E1 /* JuceHeader.h */,
			);
			name = "Juce Library Code";
			sourceTree = "<group>";
		};
		AD6322C2DC8E5DB8D89CE1A5 /* Source */ = {
			isa = PBXGroup;
			children = (
				1BFB2C7D04F15DF3D7EFE2D4 /* HelperMethods.h */,
				4235B240B212789207A49210 /* MainWindow.h */,
				BD1821A4943A8921AE9445CE /* MainComponent.h */,
				5C9BD0926D13A5BF0797707D /* Main.cpp */,
			);
			name = Source;
			sourceTree = "<group>";
		};
		AD97E978D02BD50407F3ED95 /* BinaryData */ = {
			isa = PBXGroup;
			children = (
				8B62B4BC1206195EB8968ECD /* Bad roll.ogg */,
				87C938B8C072445CFAAD467C /* Bell_Forbidden2.ogg */,
				B6180ECFEA329EF0572D5AC2 /* Chhhhaah.ogg */,
				9B64CFA79F2C99AC3B6EE400 /* cr78 rim spring 003.ogg */,
				EEE63A331C542293631DB51B /* Cym_MoonTrouper1.ogg */,
				A1E519D1D501DF881D4448F7 /* Cym_OldTapeNoGood.ogg */,
				F83ECF7457A8B4B1947ABCBD /* Dark hit.ogg */,
				8AFCBAD4E034CA9EB012B476 /* DUBRIM-06.ogg */,
				3EA613ACBBF6FAA40DA51D69 /* KICK+HAT-02.ogg */,
				614F28458401942D1A227D84 /* noiz hats spring+eq 3 004.ogg */,
				BAF6871E9CE1B3B6FBD1CD4F /* phat_break1.ogg */,
				BF44A4796C56A58F1A6FDA96 /* Ride_BluesbreakDrums2.ogg */,
				D7C9723F47CB9534746A7A76 /* Ride_TastyReal_03.ogg */,
				21EE310A7750CE587C9EE0E8 /* Roll.ogg */,
				555BFD1F216FEE31876C7254 /* SineHackDelay #6 atmos lp.ogg */,
				4B18AB28C2F734C6C30B70BC /* SnareDeep.ogg */,
				397E7C90ACFC17776626DA5D /* SnareThud.ogg */,
				8F49143B97CE94F04594DA11 /* thisWorld end.ogg */,
			);
			name = BinaryData;
			sourceTree = "<group>";
		};
		BB019B44809224183575873C /* ReactDrum */ = {
			isa = PBXGroup;
			children = (
				E5AF767A0658150889F588D1 /* iOS */,
				AD97E978D02BD50407F3ED95 /* BinaryData */,
				AD6322C2DC8E5DB8D89CE1A5 /* Source */,
			);
			name = ReactDrum;
			sourceTree = "<group>";
		};
		D3D5A21252479FEE1454837A /* Products */ = {
			isa = PBXGroup;
			children = (
				2EA7B6510D139A0C6FAF55B1 /* ReactDrum.app */,
			);
			name = Products;
			sourceTree = "<group>";
		};
		E5AF767A0658150889F588D1 /* iOS */ = {
			isa = PBXGroup;
			children = (
				BBFF661B9EAD8FEE47E6E9ED /* ReactDrumView.mm */,
				E17CED8B71297800CFB2E58C /* ReactDrumView.h */,
				50895E4EA34D452227A84868 /* ReactJuceModule.mm */,
				278CE7CB4EBB258264218627 /* ReactJuceModule.h */,
				254E29762674B116252F04FE /* ReactJuceView.h */,
				EDD956F4E04B5942E3C3EAED /* ReactJuceView.mm */,
				C98F3684FCC2AD798B090012 /* ReactJuceViewManager.h */,
				04A6A65E275F8038944E9181 /* ReactJuceViewManager.mm */,
				70DC188F2860503E005526BE /* MainWindowIOS.mm */,
				1ED7CDC20B9E4F123ABB8562 /* MainWindowIOS.h */,
			);
			name = iOS;
			sourceTree = "<group>";
		};
		EB426E590A0BB7263F89D7BC /* Resources */ = {
			isa = PBXGroup;
			children = (
				124606B029C8A4EB29B3FFDA /* Info-App.plist */,
				C1BA1C8964F96817E97428D6 /* Images.xcassets */,
			);
			name = Resources;
			sourceTree = "<group>";
		};
		F0E9050C0CAA2E808986D36C /* Pods */ = {
			isa = PBXGroup;
			children = (
				E86C08D49CE51D52269E10A9 /* Pods-ReactDrum - App.debug.xcconfig */,
				40A4FE9B680C7FF52342DE6D /* Pods-ReactDrum - App.release.xcconfig */,
			);
			name = Pods;
			sourceTree = "<group>";
		};
/* End PBXGroup section */

/* Begin PBXNativeTarget section */
		D750B12EBF17B8AF37B8E86B /* ReactDrum - App */ = {
			isa = PBXNativeTarget;
			buildConfigurationList = D37FCE18B934154C426E7187 /* Build configuration list for PBXNativeTarget "ReactDrum - App" */;
			buildPhases = (
				0D656A598AD2E46C2DD5E4ED /* [CP] Check Pods Manifest.lock */,
				008EB41EB8AB49E840CEC1C1 /* Resources */,
				1B472CF2AD2AD1E59F160621 /* Sources */,
				5A1E42DAF5E5819EF1053AA5 /* Frameworks */,
				98E418BA9CF574F3B508B019 /* [CP] Embed Pods Frameworks */,
				608D2524B4FDEB9B93139107 /* [CP] Copy Pods Resources */,
			);
			buildRules = (
			);
			dependencies = (
			);
			name = "ReactDrum - App";
			productName = ReactDrum;
			productReference = 2EA7B6510D139A0C6FAF55B1 /* ReactDrum.app */;
			productType = "com.apple.product-type.application";
		};
/* End PBXNativeTarget section */

/* Begin PBXProject section */
		C907DB9098E59CD4E064066A /* Project object */ = {
			isa = PBXProject;
			attributes = {
				LastUpgradeCheck = 0830;
				TargetAttributes = {
					D750B12EBF17B8AF37B8E86B = {
						SystemCapabilities = {
							com.apple.InAppPurchase = {
								enabled = 0;
							};
							com.apple.InterAppAudio = {
								enabled = 0;
							};
							com.apple.Sandbox = {
								enabled = 0;
							};
						};
					};
				};
			};
			buildConfigurationList = F5BE3CD78705824CF0BF4F6E /* Build configuration list for PBXProject "ReactDrum" */;
			compatibilityVersion = "Xcode 3.2";
			hasScannedForEncodings = 0;
			mainGroup = 8B69AFD70B7CCA8AED69182D;
			productRefGroup = D3D5A21252479FEE1454837A /* Products */;
			projectDirPath = "";
			projectRoot = "";
			targets = (
				D750B12EBF17B8AF37B8E86B /* ReactDrum - App */,
			);
		};
/* End PBXProject section */

/* Begin PBXResourcesBuildPhase section */
		008EB41EB8AB49E840CEC1C1 /* Resources */ = {
			isa = PBXResourcesBuildPhase;
			buildActionMask = 2147483647;
			files = (
				58BC5F4AD10C25A9C86D1BD1 /* Images.xcassets in Resources */,
			);
			runOnlyForDeploymentPostprocessing = 0;
		};
/* End PBXResourcesBuildPhase section */

/* Begin PBXShellScriptBuildPhase section */
		0D656A598AD2E46C2DD5E4ED /* [CP] Check Pods Manifest.lock */ = {
			isa = PBXShellScriptBuildPhase;
			buildActionMask = 2147483647;
			files = (
			);
			inputPaths = (
			);
			name = "[CP] Check Pods Manifest.lock";
			outputPaths = (
			);
			runOnlyForDeploymentPostprocessing = 0;
			shellPath = /bin/sh;
			shellScript = "diff \"${PODS_PODFILE_DIR_PATH}/Podfile.lock\" \"${PODS_ROOT}/Manifest.lock\" > /dev/null\nif [ $? != 0 ] ; then\n    # print error to STDERR\n    echo \"error: The sandbox is not in sync with the Podfile.lock. Run 'pod install' or update your CocoaPods installation.\" >&2\n    exit 1\nfi\n";
			showEnvVarsInLog = 0;
		};
		608D2524B4FDEB9B93139107 /* [CP] Copy Pods Resources */ = {
			isa = PBXShellScriptBuildPhase;
			buildActionMask = 2147483647;
			files = (
			);
			inputPaths = (
			);
			name = "[CP] Copy Pods Resources";
			outputPaths = (
			);
			runOnlyForDeploymentPostprocessing = 0;
			shellPath = /bin/sh;
			shellScript = "\"${SRCROOT}/Pods/Target Support Files/Pods-ReactDrum - App/Pods-ReactDrum - App-resources.sh\"\n";
			showEnvVarsInLog = 0;
		};
		98E418BA9CF574F3B508B019 /* [CP] Embed Pods Frameworks */ = {
			isa = PBXShellScriptBuildPhase;
			buildActionMask = 2147483647;
			files = (
			);
			inputPaths = (
			);
			name = "[CP] Embed Pods Frameworks";
			outputPaths = (
			);
			runOnlyForDeploymentPostprocessing = 0;
			shellPath = /bin/sh;
			shellScript = "\"${SRCROOT}/Pods/Target Support Files/Pods-ReactDrum - App/Pods-ReactDrum - App-frameworks.sh\"\n";
			showEnvVarsInLog = 0;
		};
/* End PBXShellScriptBuildPhase section */

/* Begin PBXSourcesBuildPhase section */
		1B472CF2AD2AD1E59F160621 /* Sources */ = {
			isa = PBXSourcesBuildPhase;
			buildActionMask = 2147483647;
			files = (
				ECBE5BDD2A081F6BD233607C /* ReactDrumView.mm in Sources */,
				BA68BDF7D8FFE0F5CF2188F1 /* ReactJuceModule.mm in Sources */,
				796B0BE7540F0FC59DA64770 /* ReactJuceView.mm in Sources */,
				E3F287C8260D25ECD6277A0A /* ReactJuceViewManager.mm in Sources */,
				B076D64C5A99153107183E4C /* MainWindowIOS.mm in Sources */,
				C036C3C75449952A97AAFACC /* MainComponent.h in Sources */,
				586CDEED5BAB218F0D616065 /* Main.cpp in Sources */,
				D5AB83ECCE4D99F3F85D1588 /* BinaryData.cpp in Sources */,
				2A30AC2387A9DC4F51D157B6 /* include_juce_audio_basics.mm in Sources */,
				CC33475279DD625098241DBE /* include_juce_audio_devices.mm in Sources */,
				234937BA8AD8DC707B7F0586 /* include_juce_audio_formats.mm in Sources */,
				4DA4022CA807349FB38DD147 /* include_juce_audio_processors.mm in Sources */,
				7967CE0885B46E8B72E92AD5 /* include_juce_audio_utils.mm in Sources */,
				BFBDA8F08A8E64C407848088 /* include_juce_core.mm in Sources */,
				7FA1CF209500189EDFB080F1 /* include_juce_cryptography.mm in Sources */,
				1AC3555EFD3F7DF58A5DD535 /* include_juce_data_structures.mm in Sources */,
				B1228E9B903F2D4B6C759AB1 /* include_juce_events.mm in Sources */,
				6875779D4D4D2E40E9956576 /* include_juce_graphics.mm in Sources */,
				8C3161EF4B7F2AB01FFF9C03 /* include_juce_gui_basics.mm in Sources */,
				5B8B6D11C34AD54DDAA863D0 /* include_juce_gui_extra.mm in Sources */,
				146B27EBF155A8DC7F9B7FBE /* include_juce_opengl.mm in Sources */,
				D2768FECA8C3544BF395B5E3 /* include_juce_video.mm in Sources */,
			);
			runOnlyForDeploymentPostprocessing = 0;
		};
/* End PBXSourcesBuildPhase section */

/* Begin XCBuildConfiguration section */
		30387C149A4EFB10ADAE63F2 /* Release */ = {
			isa = XCBuildConfiguration;
			buildSettings = {
				ALWAYS_SEARCH_USER_PATHS = NO;
				"CODE_SIGN_IDENTITY[sdk=iphoneos*]" = "iPhone Developer";
				DEBUG_INFORMATION_FORMAT = dwarf;
				GCC_C_LANGUAGE_STANDARD = c11;
				GCC_INLINES_ARE_PRIVATE_EXTERN = YES;
				GCC_MODEL_TUNING = G5;
				GCC_WARN_ABOUT_RETURN_TYPE = YES;
				GCC_WARN_CHECK_SWITCH_STATEMENTS = YES;
				GCC_WARN_MISSING_PARENTHESES = YES;
				GCC_WARN_NON_VIRTUAL_DESTRUCTOR = YES;
				GCC_WARN_TYPECHECK_CALLS_TO_PRINTF = YES;
				GCC_WARN_UNUSED_VARIABLE = YES;
				IPHONEOS_DEPLOYMENT_TARGET = 9.3;
				PRODUCT_NAME = ReactDrum;
				SDKROOT = iphoneos;
				TARGETED_DEVICE_FAMILY = "1,2";
				WARNING_CFLAGS = "-Wreorder";
				ZERO_LINK = NO;
			};
			name = Release;
		};
		4592E1C59C3845DF2FD89255 /* Debug */ = {
			isa = XCBuildConfiguration;
			buildSettings = {
				ALWAYS_SEARCH_USER_PATHS = NO;
				"CODE_SIGN_IDENTITY[sdk=iphoneos*]" = "iPhone Developer";
				DEBUG_INFORMATION_FORMAT = dwarf;
				ENABLE_TESTABILITY = YES;
				GCC_C_LANGUAGE_STANDARD = c11;
				GCC_INLINES_ARE_PRIVATE_EXTERN = YES;
				GCC_MODEL_TUNING = G5;
				GCC_WARN_ABOUT_RETURN_TYPE = YES;
				GCC_WARN_CHECK_SWITCH_STATEMENTS = YES;
				GCC_WARN_MISSING_PARENTHESES = YES;
				GCC_WARN_NON_VIRTUAL_DESTRUCTOR = YES;
				GCC_WARN_TYPECHECK_CALLS_TO_PRINTF = YES;
				GCC_WARN_UNUSED_VARIABLE = YES;
				IPHONEOS_DEPLOYMENT_TARGET = 9.3;
				ONLY_ACTIVE_ARCH = YES;
				PRODUCT_NAME = ReactDrum;
				SDKROOT = iphoneos;
				TARGETED_DEVICE_FAMILY = "1,2";
				WARNING_CFLAGS = "-Wreorder";
				ZERO_LINK = NO;
			};
			name = Debug;
		};
		46CF0850403CE59073DB5838 /* Release */ = {
			isa = XCBuildConfiguration;
			baseConfigurationReference = 40A4FE9B680C7FF52342DE6D /* Pods-ReactDrum - App.release.xcconfig */;
			buildSettings = {
				ASSETCATALOG_COMPILER_APPICON_NAME = AppIcon;
				ASSETCATALOG_COMPILER_LAUNCHIMAGE_NAME = LaunchImage;
				CLANG_CXX_LANGUAGE_STANDARD = "c++0x";
				CLANG_LINK_OBJC_RUNTIME = NO;
				COMBINE_HIDPI_IMAGES = YES;
				CONFIGURATION_BUILD_DIR = "$(BUILD_DIR)/$(CONFIGURATION)$(EFFECTIVE_PLATFORM_NAME)";
				DEAD_CODE_STRIPPING = YES;
				GCC_GENERATE_DEBUGGING_SYMBOLS = NO;
				GCC_OPTIMIZATION_LEVEL = 3;
				GCC_PREPROCESSOR_DEFINITIONS = (
					"_NDEBUG=1",
					"NDEBUG=1",
					"$(inherited)",
					"JUCER_XCODE_IPHONE_5BC26AE3=1",
					"JUCE_APP_VERSION=1.0.0",
					"JUCE_APP_VERSION_HEX=0x10000",
					"JucePlugin_Build_VST=0",
					"JucePlugin_Build_VST3=0",
					"JucePlugin_Build_AU=0",
					"JucePlugin_Build_AUv3=0",
					"JucePlugin_Build_RTAS=0",
					"JucePlugin_Build_AAX=0",
					"JucePlugin_Build_Standalone=0",
				);
				GCC_SYMBOLS_PRIVATE_EXTERN = YES;
				GCC_VERSION = com.apple.compilers.llvm.clang.1_0;
				HEADER_SEARCH_PATHS = (
					../../JuceLibraryCode,
					../../JUCE/modules,
					/juce_audio_plugin_client,
					"$(inherited)",
				);
				INFOPLIST_FILE = "Info-App.plist";
				INSTALL_PATH = "$(HOME)/Applications";
				PRODUCT_BUNDLE_IDENTIFIER = com.nodeaudio.ReactDrum;
				USE_HEADERMAP = NO;
			};
			name = Release;
		};
		6C21B644E9A919B76C52917A /* Debug */ = {
			isa = XCBuildConfiguration;
			baseConfigurationReference = E86C08D49CE51D52269E10A9 /* Pods-ReactDrum - App.debug.xcconfig */;
			buildSettings = {
				ASSETCATALOG_COMPILER_APPICON_NAME = AppIcon;
				ASSETCATALOG_COMPILER_LAUNCHIMAGE_NAME = LaunchImage;
				CLANG_CXX_LANGUAGE_STANDARD = "c++0x";
				CLANG_LINK_OBJC_RUNTIME = NO;
				COMBINE_HIDPI_IMAGES = YES;
				CONFIGURATION_BUILD_DIR = "$(BUILD_DIR)/$(CONFIGURATION)$(EFFECTIVE_PLATFORM_NAME)";
				COPY_PHASE_STRIP = NO;
				GCC_DYNAMIC_NO_PIC = NO;
				GCC_OPTIMIZATION_LEVEL = 0;
				GCC_PREPROCESSOR_DEFINITIONS = (
					"_DEBUG=1",
					"DEBUG=1",
					"$(inherited)",
					"JUCER_XCODE_IPHONE_5BC26AE3=1",
					"JUCE_APP_VERSION=1.0.0",
					"JUCE_APP_VERSION_HEX=0x10000",
					"JucePlugin_Build_VST=0",
					"JucePlugin_Build_VST3=0",
					"JucePlugin_Build_AU=0",
					"JucePlugin_Build_AUv3=0",
					"JucePlugin_Build_RTAS=0",
					"JucePlugin_Build_AAX=0",
					"JucePlugin_Build_Standalone=0",
				);
				GCC_VERSION = com.apple.compilers.llvm.clang.1_0;
				HEADER_SEARCH_PATHS = (
					../../JuceLibraryCode,
					../../JUCE/modules,
					/juce_audio_plugin_client,
					"$(inherited)",
				);
				INFOPLIST_FILE = "Info-App.plist";
				INSTALL_PATH = "$(HOME)/Applications";
				PRODUCT_BUNDLE_IDENTIFIER = com.nodeaudio.ReactDrum;
				USE_HEADERMAP = NO;
			};
			name = Debug;
		};
/* End XCBuildConfiguration section */

/* Begin XCConfigurationList section */
		D37FCE18B934154C426E7187 /* Build configuration list for PBXNativeTarget "ReactDrum - App" */ = {
			isa = XCConfigurationList;
			buildConfigurations = (
				6C21B644E9A919B76C52917A /* Debug */,
				46CF0850403CE59073DB5838 /* Release */,
			);
			defaultConfigurationIsVisible = 0;
			defaultConfigurationName = Debug;
		};
		F5BE3CD78705824CF0BF4F6E /* Build configuration list for PBXProject "ReactDrum" */ = {
			isa = XCConfigurationList;
			buildConfigurations = (
				4592E1C59C3845DF2FD89255 /* Debug */,
				30387C149A4EFB10ADAE63F2 /* Release */,
			);
			defaultConfigurationIsVisible = 0;
			defaultConfigurationName = Debug;
		};
/* End XCConfigurationList section */
	};
	rootObject = C907DB9098E59CD4E064066A /* Project object */;
}
