// !$*UTF8*$!
{
	archiveVersion = 1;
	classes = {
	};
	objectVersion = 46;
	objects = {

		DF454EDB95E71C2F67C46429 = {isa = PBXBuildFile; fileRef = 2EA7B6510D139A0C6FAF55B1; };
		EBA282384E7C6B6E66E0C448 = {isa = PBXBuildFile; fileRef = 36602F0E635FDA2C53AD4ABF; };
		6A52B68A120AE0C7F253EF1F = {isa = PBXBuildFile; fileRef = ECF3A241A917F81B7E27D8C5; };
		EC4A0860D021E57D900B867F = {isa = PBXBuildFile; fileRef = 4B3AE74F4595AC1E218FD993; };
		953837FFADB778D55911C892 = {isa = PBXBuildFile; fileRef = E3C3C396FE66D89660895271; };
		183C89367B801DB98F6E60FE = {isa = PBXBuildFile; fileRef = 79FD5CD81C54E1EDFD34F372; };
		B16AEED56CBA24C30E45764C = {isa = PBXBuildFile; fileRef = 3581044231FC63F8A3C71FAA; };
		9DC818091961818B86B2CBC3 = {isa = PBXBuildFile; fileRef = 09BC7E3C46B029442598DC74; };
		E5A43BAC6D53B22644DF4676 = {isa = PBXBuildFile; fileRef = 4650809D7B3A86BEB2FCD413; };
		D007115E297A67EB63DFF473 = {isa = PBXBuildFile; fileRef = CF9A6AFE1362B33A41B01727; };
		005F0491C595182BCD1C945C = {isa = PBXBuildFile; fileRef = F5C3A4407671B54C2A356EB2; };
		5FE78AB93FB3D4C00C630E40 = {isa = PBXBuildFile; fileRef = CB4DB0F8412AD626900A547B; };
		28DB2BB7DBFA060EF759B715 = {isa = PBXBuildFile; fileRef = 83A38D8290AB738F92F0B17D; };
		E469A596399578C90489C687 = {isa = PBXBuildFile; fileRef = B9E7931FF9914AF8A7A9C3C9; };
		1B857CFA7EA0CFE63846A613 = {isa = PBXBuildFile; fileRef = 32E9EE5B91B9D8BF8166F3DC; };
		ECBE5BDD2A081F6BD233607C = {isa = PBXBuildFile; fileRef = BBFF661B9EAD8FEE47E6E9ED; };
		BA68BDF7D8FFE0F5CF2188F1 = {isa = PBXBuildFile; fileRef = 50895E4EA34D452227A84868; };
		796B0BE7540F0FC59DA64770 = {isa = PBXBuildFile; fileRef = EDD956F4E04B5942E3C3EAED; };
		E3F287C8260D25ECD6277A0A = {isa = PBXBuildFile; fileRef = 04A6A65E275F8038944E9181; };
		B076D64C5A99153107183E4C = {isa = PBXBuildFile; fileRef = 70DC188F2860503E005526BE; };
		C036C3C75449952A97AAFACC = {isa = PBXBuildFile; fileRef = BD1821A4943A8921AE9445CE; };
		586CDEED5BAB218F0D616065 = {isa = PBXBuildFile; fileRef = 5C9BD0926D13A5BF0797707D; };
		D5AB83ECCE4D99F3F85D1588 = {isa = PBXBuildFile; fileRef = 236BF1CC5AC24BBB7F7880E0; };
		2A30AC2387A9DC4F51D157B6 = {isa = PBXBuildFile; fileRef = 539779325491EF871DA96A91; };
		CC33475279DD625098241DBE = {isa = PBXBuildFile; fileRef = ED832807FC171C0AEB7C512C; };
		234937BA8AD8DC707B7F0586 = {isa = PBXBuildFile; fileRef = 6F12EBFABEBF6E0F330912EF; };
		4DA4022CA807349FB38DD147 = {isa = PBXBuildFile; fileRef = D6F0EAADADB83418506595B3; };
		7967CE0885B46E8B72E92AD5 = {isa = PBXBuildFile; fileRef = CEB50B3B569B7829A9DEED7F; };
		BFBDA8F08A8E64C407848088 = {isa = PBXBuildFile; fileRef = CC44DE08D5C624EB5837E3BE; };
		7FA1CF209500189EDFB080F1 = {isa = PBXBuildFile; fileRef = 10B525CF13F736DFBC6C0709; };
		1AC3555EFD3F7DF58A5DD535 = {isa = PBXBuildFile; fileRef = E9C2461973A118201167AF01; };
		B1228E9B903F2D4B6C759AB1 = {isa = PBXBuildFile; fileRef = BCD5DE67A7CCA32C3B2E58EB; };
		6875779D4D4D2E40E9956576 = {isa = PBXBuildFile; fileRef = 58FEEEF598F97119A4AF5E5E; };
		8C3161EF4B7F2AB01FFF9C03 = {isa = PBXBuildFile; fileRef = 4BDE9C3BD617B9C912EC187C; };
		5B8B6D11C34AD54DDAA863D0 = {isa = PBXBuildFile; fileRef = 0434052325F11B99F07903BF; };
		146B27EBF155A8DC7F9B7FBE = {isa = PBXBuildFile; fileRef = E23471E9A110994219A176D0; };
		D2768FECA8C3544BF395B5E3 = {isa = PBXBuildFile; fileRef = B1176843353211CF6B48ED33; };
		0434052325F11B99F07903BF = {isa = PBXFileReference; lastKnownFileType = sourcecode.cpp.objcpp; name = "include_juce_gui_extra.mm"; path = "../../JuceLibraryCode/include_juce_gui_extra.mm"; sourceTree = "SOURCE_ROOT"; };
		04A6A65E275F8038944E9181 = {isa = PBXFileReference; lastKnownFileType = sourcecode.cpp.objcpp; name = ReactJuceViewManager.mm; path = ../../Source/iOS/ReactJuceViewManager.mm; sourceTree = "SOURCE_ROOT"; };
		09BC7E3C46B029442598DC74 = {isa = PBXFileReference; lastKnownFileType = wrapper.framework; name = DiscRecording.framework; path = System/Library/Frameworks/DiscRecording.framework; sourceTree = SDKROOT; };
		10B525CF13F736DFBC6C0709 = {isa = PBXFileReference; lastKnownFileType = sourcecode.cpp.objcpp; name = "include_juce_cryptography.mm"; path = "../../JuceLibraryCode/include_juce_cryptography.mm"; sourceTree = "SOURCE_ROOT"; };
		124606B029C8A4EB29B3FFDA = {isa = PBXFileReference; lastKnownFileType = text.plist.xml; name = "Info-App.plist"; path = "Info-App.plist"; sourceTree = "SOURCE_ROOT"; };
		14A6F98401A90A2B031BF55C = {isa = PBXFileReference; lastKnownFileType = file; name = "juce_video"; path = "../../JUCE/modules/juce_video"; sourceTree = "SOURCE_ROOT"; };
		1BFB2C7D04F15DF3D7EFE2D4 = {isa = PBXFileReference; lastKnownFileType = sourcecode.c.h; name = HelperMethods.h; path = ../../Source/HelperMethods.h; sourceTree = "SOURCE_ROOT"; };
		1ED7CDC20B9E4F123ABB8562 = {isa = PBXFileReference; lastKnownFileType = sourcecode.c.h; name = MainWindowIOS.h; path = ../../Source/iOS/MainWindowIOS.h; sourceTree = "SOURCE_ROOT"; };
		21EE310A7750CE587C9EE0E8 = {isa = PBXFileReference; lastKnownFileType = file.ogg; name = Roll.ogg; path = ../../BinaryData/Roll.ogg; sourceTree = "SOURCE_ROOT"; };
		236BF1CC5AC24BBB7F7880E0 = {isa = PBXFileReference; lastKnownFileType = sourcecode.cpp.cpp; name = BinaryData.cpp; path = ../../JuceLibraryCode/BinaryData.cpp; sourceTree = "SOURCE_ROOT"; };
		254E29762674B116252F04FE = {isa = PBXFileReference; lastKnownFileType = sourcecode.c.h; name = ReactJuceView.h; path = ../../Source/iOS/ReactJuceView.h; sourceTree = "SOURCE_ROOT"; };
		278CE7CB4EBB258264218627 = {isa = PBXFileReference; lastKnownFileType = sourcecode.c.h; name = ReactJuceModule.h; path = ../../Source/iOS/ReactJuceModule.h; sourceTree = "SOURCE_ROOT"; };
		2C974696A7A3BECDA56F5616 = {isa = PBXFileReference; lastKnownFileType = file; name = "juce_graphics"; path = "../../JUCE/modules/juce_graphics"; sourceTree = "SOURCE_ROOT"; };
		2EA7B6510D139A0C6FAF55B1 = {isa = PBXFileReference; explicitFileType = wrapper.application; includeInIndex = 0; path = ReactDrum.app; sourceTree = "BUILT_PRODUCTS_DIR"; };
		3033231F3E880D04655A3FF8 = {isa = PBXFileReference; lastKnownFileType = sourcecode.c.h; name = AppConfig.h; path = ../../JuceLibraryCode/AppConfig.h; sourceTree = "SOURCE_ROOT"; };
		32E9EE5B91B9D8BF8166F3DC = {isa = PBXFileReference; lastKnownFileType = file.nib; name = RecentFilesMenuTemplate.nib; path = RecentFilesMenuTemplate.nib; sourceTree = "SOURCE_ROOT"; };
		3581044231FC63F8A3C71FAA = {isa = PBXFileReference; lastKnownFileType = wrapper.framework; name = CoreMIDI.framework; path = System/Library/Frameworks/CoreMIDI.framework; sourceTree = SDKROOT; };
		36602F0E635FDA2C53AD4ABF = {isa = PBXFileReference; lastKnownFileType = wrapper.framework; name = Accelerate.framework; path = System/Library/Frameworks/Accelerate.framework; sourceTree = SDKROOT; };
		397E7C90ACFC17776626DA5D = {isa = PBXFileReference; lastKnownFileType = file.ogg; name = SnareThud.ogg; path = ../../BinaryData/SnareThud.ogg; sourceTree = "SOURCE_ROOT"; };
		3EA613ACBBF6FAA40DA51D69 = {isa = PBXFileReference; lastKnownFileType = file.ogg; name = "KICK+HAT-02.ogg"; path = "../../BinaryData/KICK+HAT-02.ogg"; sourceTree = "SOURCE_ROOT"; };
		4235B240B212789207A49210 = {isa = PBXFileReference; lastKnownFileType = sourcecode.c.h; name = MainWindow.h; path = ../../Source/MainWindow.h; sourceTree = "SOURCE_ROOT"; };
		4650809D7B3A86BEB2FCD413 = {isa = PBXFileReference; lastKnownFileType = wrapper.framework; name = IOKit.framework; path = System/Library/Frameworks/IOKit.framework; sourceTree = SDKROOT; };
		4B18AB28C2F734C6C30B70BC = {isa = PBXFileReference; lastKnownFileType = file.ogg; name = SnareDeep.ogg; path = ../../BinaryData/SnareDeep.ogg; sourceTree = "SOURCE_ROOT"; };
		4B3AE74F4595AC1E218FD993 = {isa = PBXFileReference; lastKnownFileType = wrapper.framework; name = Carbon.framework; path = System/Library/Frameworks/Carbon.framework; sourceTree = SDKROOT; };
		4BDE9C3BD617B9C912EC187C = {isa = PBXFileReference; lastKnownFileType = sourcecode.cpp.objcpp; name = "include_juce_gui_basics.mm"; path = "../../JuceLibraryCode/include_juce_gui_basics.mm"; sourceTree = "SOURCE_ROOT"; };
		50895E4EA34D452227A84868 = {isa = PBXFileReference; lastKnownFileType = sourcecode.cpp.objcpp; name = ReactJuceModule.mm; path = ../../Source/iOS/ReactJuceModule.mm; sourceTree = "SOURCE_ROOT"; };
		52CB56CD10FADF82576E4655 = {isa = PBXFileReference; lastKnownFileType = file; name = "juce_core"; path = "../../JUCE/modules/juce_core"; sourceTree = "SOURCE_ROOT"; };
		539779325491EF871DA96A91 = {isa = PBXFileReference; lastKnownFileType = sourcecode.cpp.objcpp; name = "include_juce_audio_basics.mm"; path = "../../JuceLibraryCode/include_juce_audio_basics.mm"; sourceTree = "SOURCE_ROOT"; };
		555BFD1F216FEE31876C7254 = {isa = PBXFileReference; lastKnownFileType = file.ogg; name = "SineHackDelay #6 atmos lp.ogg"; path = "../../BinaryData/SineHackDelay #6 atmos lp.ogg"; sourceTree = "SOURCE_ROOT"; };
		58FEEEF598F97119A4AF5E5E = {isa = PBXFileReference; lastKnownFileType = sourcecode.cpp.objcpp; name = "include_juce_graphics.mm"; path = "../../JuceLibraryCode/include_juce_graphics.mm"; sourceTree = "SOURCE_ROOT"; };
		5C9BD0926D13A5BF0797707D = {isa = PBXFileReference; lastKnownFileType = sourcecode.cpp.cpp; name = Main.cpp; path = ../../Source/Main.cpp; sourceTree = "SOURCE_ROOT"; };
		614F28458401942D1A227D84 = {isa = PBXFileReference; lastKnownFileType = file.ogg; name = "noiz hats spring+eq 3 004.ogg"; path = "../../BinaryData/noiz hats spring+eq 3 004.ogg"; sourceTree = "SOURCE_ROOT"; };
		6F12EBFABEBF6E0F330912EF = {isa = PBXFileReference; lastKnownFileType = sourcecode.cpp.objcpp; name = "include_juce_audio_formats.mm"; path = "../../JuceLibraryCode/include_juce_audio_formats.mm"; sourceTree = "SOURCE_ROOT"; };
		70DC188F2860503E005526BE = {isa = PBXFileReference; lastKnownFileType = sourcecode.cpp.objcpp; name = MainWindowIOS.mm; path = ../../Source/iOS/MainWindowIOS.mm; sourceTree = "SOURCE_ROOT"; };
		79FD5CD81C54E1EDFD34F372 = {isa = PBXFileReference; lastKnownFileType = wrapper.framework; name = CoreAudio.framework; path = System/Library/Frameworks/CoreAudio.framework; sourceTree = SDKROOT; };
		83A38D8290AB738F92F0B17D = {isa = PBXFileReference; lastKnownFileType = wrapper.framework; name = QuickTime.framework; path = System/Library/Frameworks/QuickTime.framework; sourceTree = SDKROOT; };
		846E8700C7541DA0C0B2DF75 = {isa = PBXFileReference; lastKnownFileType = file; name = "juce_opengl"; path = "../../JUCE/modules/juce_opengl"; sourceTree = "SOURCE_ROOT"; };
		87C938B8C072445CFAAD467C = {isa = PBXFileReference; lastKnownFileType = file.ogg; name = "Bell_Forbidden2.ogg"; path = "../../BinaryData/Bell_Forbidden2.ogg"; sourceTree = "SOURCE_ROOT"; };
		8AFCBAD4E034CA9EB012B476 = {isa = PBXFileReference; lastKnownFileType = file.ogg; name = "DUBRIM-06.ogg"; path = "../../BinaryData/DUBRIM-06.ogg"; sourceTree = "SOURCE_ROOT"; };
		8B62B4BC1206195EB8968ECD = {isa = PBXFileReference; lastKnownFileType = file.ogg; name = "Bad roll.ogg"; path = "../../BinaryData/Bad roll.ogg"; sourceTree = "SOURCE_ROOT"; };
		8C4A853CFA5FF9BD46AAB7D3 = {isa = PBXFileReference; lastKnownFileType = file; name = "juce_audio_utils"; path = "../../JUCE/modules/juce_audio_utils"; sourceTree = "SOURCE_ROOT"; };
		8F49143B97CE94F04594DA11 = {isa = PBXFileReference; lastKnownFileType = file.ogg; name = "thisWorld end.ogg"; path = "../../BinaryData/thisWorld end.ogg"; sourceTree = "SOURCE_ROOT"; };
		940CA7CCFFE0FB7D0FA99C58 = {isa = PBXFileReference; lastKnownFileType = file; name = "juce_gui_basics"; path = "../../JUCE/modules/juce_gui_basics"; sourceTree = "SOURCE_ROOT"; };
		9B64CFA79F2C99AC3B6EE400 = {isa = PBXFileReference; lastKnownFileType = file.ogg; name = "cr78 rim spring 003.ogg"; path = "../../BinaryData/cr78 rim spring 003.ogg"; sourceTree = "SOURCE_ROOT"; };
		9DD56C9B81FDC98943F14894 = {isa = PBXFileReference; lastKnownFileType = file; name = "juce_audio_basics"; path = "../../JUCE/modules/juce_audio_basics"; sourceTree = "SOURCE_ROOT"; };
		9E972356343132D51D9D02BA = {isa = PBXFileReference; lastKnownFileType = file; name = "juce_audio_processors"; path = "../../JUCE/modules/juce_audio_processors"; sourceTree = "SOURCE_ROOT"; };
		A1E519D1D501DF881D4448F7 = {isa = PBXFileReference; lastKnownFileType = file.ogg; name = "Cym_OldTapeNoGood.ogg"; path = "../../BinaryData/Cym_OldTapeNoGood.ogg"; sourceTree = "SOURCE_ROOT"; };
		A5A987E7FF62A412155CEEC8 = {isa = PBXFileReference; lastKnownFileType = file; name = "juce_events"; path = "../../JUCE/modules/juce_events"; sourceTree = "SOURCE_ROOT"; };
		ABFD19042B37C55C5D0BABB0 = {isa = PBXFileReference; lastKnownFileType = file; name = "juce_cryptography"; path = "../../JUCE/modules/juce_cryptography"; sourceTree = "SOURCE_ROOT"; };
		B1176843353211CF6B48ED33 = {isa = PBXFileReference; lastKnownFileType = sourcecode.cpp.objcpp; name = "include_juce_video.mm"; path = "../../JuceLibraryCode/include_juce_video.mm"; sourceTree = "SOURCE_ROOT"; };
		B6180ECFEA329EF0572D5AC2 = {isa = PBXFileReference; lastKnownFileType = file.ogg; name = Chhhhaah.ogg; path = ../../BinaryData/Chhhhaah.ogg; sourceTree = "SOURCE_ROOT"; };
		B9E7931FF9914AF8A7A9C3C9 = {isa = PBXFileReference; lastKnownFileType = wrapper.framework; name = WebKit.framework; path = System/Library/Frameworks/WebKit.framework; sourceTree = SDKROOT; };
		BAF6871E9CE1B3B6FBD1CD4F = {isa = PBXFileReference; lastKnownFileType = file.ogg; name = "phat_break1.ogg"; path = "../../BinaryData/phat_break1.ogg"; sourceTree = "SOURCE_ROOT"; };
		BBFF661B9EAD8FEE47E6E9ED = {isa = PBXFileReference; lastKnownFileType = sourcecode.cpp.objcpp; name = ReactDrumView.mm; path = ../../Source/iOS/ReactDrumView.mm; sourceTree = "SOURCE_ROOT"; };
		BCD5DE67A7CCA32C3B2E58EB = {isa = PBXFileReference; lastKnownFileType = sourcecode.cpp.objcpp; name = "include_juce_events.mm"; path = "../../JuceLibraryCode/include_juce_events.mm"; sourceTree = "SOURCE_ROOT"; };
		BD1821A4943A8921AE9445CE = {isa = PBXFileReference; lastKnownFileType = sourcecode.c.h; name = MainComponent.h; path = ../../Source/MainComponent.h; sourceTree = "SOURCE_ROOT"; };
		BDA6134A4589424BCFCEB5A5 = {isa = PBXFileReference; lastKnownFileType = file; name = "juce_data_structures"; path = "../../JUCE/modules/juce_data_structures"; sourceTree = "SOURCE_ROOT"; };
		BF44A4796C56A58F1A6FDA96 = {isa = PBXFileReference; lastKnownFileType = file.ogg; name = "Ride_BluesbreakDrums2.ogg"; path = "../../BinaryData/Ride_BluesbreakDrums2.ogg"; sourceTree = "SOURCE_ROOT"; };
		C4B7B4F7D33882251F6E8F7D = {isa = PBXFileReference; lastKnownFileType = file; name = "juce_gui_extra"; path = "../../JUCE/modules/juce_gui_extra"; sourceTree = "SOURCE_ROOT"; };
		C84D1DA83221BF140ADF13E1 = {isa = PBXFileReference; lastKnownFileType = sourcecode.c.h; name = JuceHeader.h; path = ../../JuceLibraryCode/JuceHeader.h; sourceTree = "SOURCE_ROOT"; };
		C98F3684FCC2AD798B090012 = {isa = PBXFileReference; lastKnownFileType = sourcecode.c.h; name = ReactJuceViewManager.h; path = ../../Source/iOS/ReactJuceViewManager.h; sourceTree = "SOURCE_ROOT"; };
		CB4DB0F8412AD626900A547B = {isa = PBXFileReference; lastKnownFileType = wrapper.framework; name = QuartzCore.framework; path = System/Library/Frameworks/QuartzCore.framework; sourceTree = SDKROOT; };
		CC44DE08D5C624EB5837E3BE = {isa = PBXFileReference; lastKnownFileType = sourcecode.cpp.objcpp; name = "include_juce_core.mm"; path = "../../JuceLibraryCode/include_juce_core.mm"; sourceTree = "SOURCE_ROOT"; };
		CEB50B3B569B7829A9DEED7F = {isa = PBXFileReference; lastKnownFileType = sourcecode.cpp.objcpp; name = "include_juce_audio_utils.mm"; path = "../../JuceLibraryCode/include_juce_audio_utils.mm"; sourceTree = "SOURCE_ROOT"; };
		CF9A6AFE1362B33A41B01727 = {isa = PBXFileReference; lastKnownFileType = wrapper.framework; name = OpenGL.framework; path = System/Library/Frameworks/OpenGL.framework; sourceTree = SDKROOT; };
		D6F0EAADADB83418506595B3 = {isa = PBXFileReference; lastKnownFileType = sourcecode.cpp.objcpp; name = "include_juce_audio_processors.mm"; path = "../../JuceLibraryCode/include_juce_audio_processors.mm"; sourceTree = "SOURCE_ROOT"; };
		D7C9723F47CB9534746A7A76 = {isa = PBXFileReference; lastKnownFileType = file.ogg; name = "Ride_TastyReal_03.ogg"; path = "../../BinaryData/Ride_TastyReal_03.ogg"; sourceTree = "SOURCE_ROOT"; };
		D8315E6CFBBD2CF7719566A5 = {isa = PBXFileReference; lastKnownFileType = sourcecode.c.h; name = BinaryData.h; path = ../../JuceLibraryCode/BinaryData.h; sourceTree = "SOURCE_ROOT"; };
		E0F1C7B6087F47BA477752E0 = {isa = PBXFileReference; lastKnownFileType = file; name = "juce_audio_formats"; path = "../../JUCE/modules/juce_audio_formats"; sourceTree = "SOURCE_ROOT"; };
		E17CED8B71297800CFB2E58C = {isa = PBXFileReference; lastKnownFileType = sourcecode.c.h; name = ReactDrumView.h; path = ../../Source/iOS/ReactDrumView.h; sourceTree = "SOURCE_ROOT"; };
		E23471E9A110994219A176D0 = {isa = PBXFileReference; lastKnownFileType = sourcecode.cpp.objcpp; name = "include_juce_opengl.mm"; path = "../../JuceLibraryCode/include_juce_opengl.mm"; sourceTree = "SOURCE_ROOT"; };
		E3C3C396FE66D89660895271 = {isa = PBXFileReference; lastKnownFileType = wrapper.framework; name = Cocoa.framework; path = System/Library/Frameworks/Cocoa.framework; sourceTree = SDKROOT; };
		E9C2461973A118201167AF01 = {isa = PBXFileReference; lastKnownFileType = sourcecode.cpp.objcpp; name = "include_juce_data_structures.mm"; path = "../../JuceLibraryCode/include_juce_data_structures.mm"; sourceTree = "SOURCE_ROOT"; };
		ECF3A241A917F81B7E27D8C5 = {isa = PBXFileReference; lastKnownFileType = wrapper.framework; name = AudioToolbox.framework; path = System/Library/Frameworks/AudioToolbox.framework; sourceTree = SDKROOT; };
		ED832807FC171C0AEB7C512C = {isa = PBXFileReference; lastKnownFileType = sourcecode.cpp.objcpp; name = "include_juce_audio_devices.mm"; path = "../../JuceLibraryCode/include_juce_audio_devices.mm"; sourceTree = "SOURCE_ROOT"; };
		EDD956F4E04B5942E3C3EAED = {isa = PBXFileReference; lastKnownFileType = sourcecode.cpp.objcpp; name = ReactJuceView.mm; path = ../../Source/iOS/ReactJuceView.mm; sourceTree = "SOURCE_ROOT"; };
		EEE63A331C542293631DB51B = {isa = PBXFileReference; lastKnownFileType = file.ogg; name = "Cym_MoonTrouper1.ogg"; path = "../../BinaryData/Cym_MoonTrouper1.ogg"; sourceTree = "SOURCE_ROOT"; };
		F5C3A4407671B54C2A356EB2 = {isa = PBXFileReference; lastKnownFileType = wrapper.framework; name = QTKit.framework; path = System/Library/Frameworks/QTKit.framework; sourceTree = SDKROOT; };
		F60E73773340E9E8F056E205 = {isa = PBXFileReference; lastKnownFileType = file; name = "juce_audio_devices"; path = "../../JUCE/modules/juce_audio_devices"; sourceTree = "SOURCE_ROOT"; };
		F83ECF7457A8B4B1947ABCBD = {isa = PBXFileReference; lastKnownFileType = file.ogg; name = "Dark hit.ogg"; path = "../../BinaryData/Dark hit.ogg"; sourceTree = "SOURCE_ROOT"; };
		E5AF767A0658150889F588D1 = {isa = PBXGroup; children = (
					BBFF661B9EAD8FEE47E6E9ED,
					E17CED8B71297800CFB2E58C,
					50895E4EA34D452227A84868,
					278CE7CB4EBB258264218627,
					254E29762674B116252F04FE,
					EDD956F4E04B5942E3C3EAED,
					C98F3684FCC2AD798B090012,
					04A6A65E275F8038944E9181,
					70DC188F2860503E005526BE,
					1ED7CDC20B9E4F123ABB8562, ); name = iOS; sourceTree = "<group>"; };
		AD97E978D02BD50407F3ED95 = {isa = PBXGroup; children = (
					8B62B4BC1206195EB8968ECD,
					87C938B8C072445CFAAD467C,
					B6180ECFEA329EF0572D5AC2,
					9B64CFA79F2C99AC3B6EE400,
					EEE63A331C542293631DB51B,
					A1E519D1D501DF881D4448F7,
					F83ECF7457A8B4B1947ABCBD,
					8AFCBAD4E034CA9EB012B476,
					3EA613ACBBF6FAA40DA51D69,
					614F28458401942D1A227D84,
					BAF6871E9CE1B3B6FBD1CD4F,
					BF44A4796C56A58F1A6FDA96,
					D7C9723F47CB9534746A7A76,
					21EE310A7750CE587C9EE0E8,
					555BFD1F216FEE31876C7254,
					4B18AB28C2F734C6C30B70BC,
					397E7C90ACFC17776626DA5D,
					8F49143B97CE94F04594DA11, ); name = BinaryData; sourceTree = "<group>"; };
		AD6322C2DC8E5DB8D89CE1A5 = {isa = PBXGroup; children = (
					1BFB2C7D04F15DF3D7EFE2D4,
					4235B240B212789207A49210,
					BD1821A4943A8921AE9445CE,
					5C9BD0926D13A5BF0797707D, ); name = Source; sourceTree = "<group>"; };
		BB019B44809224183575873C = {isa = PBXGroup; children = (
					E5AF767A0658150889F588D1,
					AD97E978D02BD50407F3ED95,
					AD6322C2DC8E5DB8D89CE1A5, ); name = ReactDrum; sourceTree = "<group>"; };
		1DAD9721400859A08993E9BE = {isa = PBXGroup; children = (
					9DD56C9B81FDC98943F14894,
					F60E73773340E9E8F056E205,
					E0F1C7B6087F47BA477752E0,
					9E972356343132D51D9D02BA,
					8C4A853CFA5FF9BD46AAB7D3,
					52CB56CD10FADF82576E4655,
					ABFD19042B37C55C5D0BABB0,
					BDA6134A4589424BCFCEB5A5,
					A5A987E7FF62A412155CEEC8,
					2C974696A7A3BECDA56F5616,
					940CA7CCFFE0FB7D0FA99C58,
					C4B7B4F7D33882251F6E8F7D,
					846E8700C7541DA0C0B2DF75,
					14A6F98401A90A2B031BF55C, ); name = "Juce Modules"; sourceTree = "<group>"; };
		AC175F9830E13422F4E76279 = {isa = PBXGroup; children = (
					3033231F3E880D04655A3FF8,
					236BF1CC5AC24BBB7F7880E0,
					D8315E6CFBBD2CF7719566A5,
					539779325491EF871DA96A91,
					ED832807FC171C0AEB7C512C,
					6F12EBFABEBF6E0F330912EF,
					D6F0EAADADB83418506595B3,
					CEB50B3B569B7829A9DEED7F,
					CC44DE08D5C624EB5837E3BE,
					10B525CF13F736DFBC6C0709,
					E9C2461973A118201167AF01,
					BCD5DE67A7CCA32C3B2E58EB,
					58FEEEF598F97119A4AF5E5E,
					4BDE9C3BD617B9C912EC187C,
					0434052325F11B99F07903BF,
					E23471E9A110994219A176D0,
					B1176843353211CF6B48ED33,
					C84D1DA83221BF140ADF13E1, ); name = "Juce Library Code"; sourceTree = "<group>"; };
		EB426E590A0BB7263F89D7BC = {isa = PBXGroup; children = (
					124606B029C8A4EB29B3FFDA,
					32E9EE5B91B9D8BF8166F3DC, ); name = Resources; sourceTree = "<group>"; };
		1FBBB43041CB5CD16B0D20B7 = {isa = PBXGroup; children = (
					36602F0E635FDA2C53AD4ABF,
					ECF3A241A917F81B7E27D8C5,
					4B3AE74F4595AC1E218FD993,
					E3C3C396FE66D89660895271,
					79FD5CD81C54E1EDFD34F372,
					3581044231FC63F8A3C71FAA,
					09BC7E3C46B029442598DC74,
					4650809D7B3A86BEB2FCD413,
					CF9A6AFE1362B33A41B01727,
					F5C3A4407671B54C2A356EB2,
					CB4DB0F8412AD626900A547B,
					83A38D8290AB738F92F0B17D,
					B9E7931FF9914AF8A7A9C3C9, ); name = Frameworks; sourceTree = "<group>"; };
		D3D5A21252479FEE1454837A = {isa = PBXGroup; children = (
					2EA7B6510D139A0C6FAF55B1, ); name = Products; sourceTree = "<group>"; };
		8B69AFD70B7CCA8AED69182D = {isa = PBXGroup; children = (
					BB019B44809224183575873C,
					1DAD9721400859A08993E9BE,
					AC175F9830E13422F4E76279,
					EB426E590A0BB7263F89D7BC,
					1FBBB43041CB5CD16B0D20B7,
					D3D5A21252479FEE1454837A, ); name = Source; sourceTree = "<group>"; };
		6C21B644E9A919B76C52917A = {isa = XCBuildConfiguration; buildSettings = {
				CLANG_CXX_LANGUAGE_STANDARD = "c++0x";
				CLANG_LINK_OBJC_RUNTIME = NO;
				COMBINE_HIDPI_IMAGES = YES;
				CONFIGURATION_BUILD_DIR = "$(PROJECT_DIR)/build/$(CONFIGURATION)";
				COPY_PHASE_STRIP = NO;
				GCC_DYNAMIC_NO_PIC = NO;
				GCC_OPTIMIZATION_LEVEL = 0;
				GCC_PREPROCESSOR_DEFINITIONS = (
					"_DEBUG=1",
					"DEBUG=1",
					"JUCER_XCODE_MAC_F6D2F4CF=1",
					"JUCE_APP_VERSION=1.0.0",
					"JUCE_APP_VERSION_HEX=0x10000",
					"JucePlugin_Build_VST=0",
					"JucePlugin_Build_VST3=0",
					"JucePlugin_Build_AU=0",
					"JucePlugin_Build_AUv3=0",
					"JucePlugin_Build_RTAS=0",
					"JucePlugin_Build_AAX=0",
					"JucePlugin_Build_Standalone=0", );
				GCC_VERSION = com.apple.compilers.llvm.clang.1_0;
				HEADER_SEARCH_PATHS = ("../../JuceLibraryCode", "../../JUCE/modules", "/juce_audio_plugin_client", "$(inherited)");
				INFOPLIST_FILE = Info-App.plist;
				INSTALL_PATH = "$(HOME)/Applications";
				MACOSX_DEPLOYMENT_TARGET = 10.11;
				MACOSX_DEPLOYMENT_TARGET_ppc = 10.4;
				PRODUCT_BUNDLE_IDENTIFIER = com.nodeaudio.ReactDrum;
				SDKROOT_ppc = macosx10.5;
				USE_HEADERMAP = NO; }; name = Debug; };
		46CF0850403CE59073DB5838 = {isa = XCBuildConfiguration; buildSettings = {
				CLANG_CXX_LANGUAGE_STANDARD = "c++0x";
				CLANG_LINK_OBJC_RUNTIME = NO;
				COMBINE_HIDPI_IMAGES = YES;
				CONFIGURATION_BUILD_DIR = "$(PROJECT_DIR)/build/$(CONFIGURATION)";
				DEAD_CODE_STRIPPING = YES;
				GCC_GENERATE_DEBUGGING_SYMBOLS = NO;
				GCC_OPTIMIZATION_LEVEL = 3;
				GCC_PREPROCESSOR_DEFINITIONS = (
					"_NDEBUG=1",
					"NDEBUG=1",
					"JUCER_XCODE_MAC_F6D2F4CF=1",
					"JUCE_APP_VERSION=1.0.0",
					"JUCE_APP_VERSION_HEX=0x10000",
					"JucePlugin_Build_VST=0",
					"JucePlugin_Build_VST3=0",
					"JucePlugin_Build_AU=0",
					"JucePlugin_Build_AUv3=0",
					"JucePlugin_Build_RTAS=0",
					"JucePlugin_Build_AAX=0",
					"JucePlugin_Build_Standalone=0", );
				GCC_SYMBOLS_PRIVATE_EXTERN = YES;
				GCC_VERSION = com.apple.compilers.llvm.clang.1_0;
				HEADER_SEARCH_PATHS = ("../../JuceLibraryCode", "../../JUCE/modules", "/juce_audio_plugin_client", "$(inherited)");
				INFOPLIST_FILE = Info-App.plist;
				INSTALL_PATH = "$(HOME)/Applications";
				MACOSX_DEPLOYMENT_TARGET = 10.11;
				MACOSX_DEPLOYMENT_TARGET_ppc = 10.4;
				PRODUCT_BUNDLE_IDENTIFIER = com.nodeaudio.ReactDrum;
				SDKROOT_ppc = macosx10.5;
				USE_HEADERMAP = NO; }; name = Release; };
		4592E1C59C3845DF2FD89255 = {isa = XCBuildConfiguration; buildSettings = {
				ALWAYS_SEARCH_USER_PATHS = NO;
				DEBUG_INFORMATION_FORMAT = "dwarf";
				ENABLE_TESTABILITY = YES;
				GCC_C_LANGUAGE_STANDARD = c11;
				GCC_INLINES_ARE_PRIVATE_EXTERN = YES;
				GCC_MODEL_TUNING = G5;
				GCC_WARN_ABOUT_RETURN_TYPE = YES;
				GCC_WARN_CHECK_SWITCH_STATEMENTS = YES;
				GCC_WARN_MISSING_PARENTHESES = YES;
				GCC_WARN_NON_VIRTUAL_DESTRUCTOR = YES;
				GCC_WARN_TYPECHECK_CALLS_TO_PRINTF = YES;
				GCC_WARN_UNUSED_VARIABLE = YES;
				ONLY_ACTIVE_ARCH = YES;
				PRODUCT_NAME = "ReactDrum";
				WARNING_CFLAGS = -Wreorder;
				ZERO_LINK = NO; }; name = Debug; };
		30387C149A4EFB10ADAE63F2 = {isa = XCBuildConfiguration; buildSettings = {
				ALWAYS_SEARCH_USER_PATHS = NO;
				DEBUG_INFORMATION_FORMAT = "dwarf";
				GCC_C_LANGUAGE_STANDARD = c11;
				GCC_INLINES_ARE_PRIVATE_EXTERN = YES;
				GCC_MODEL_TUNING = G5;
				GCC_WARN_ABOUT_RETURN_TYPE = YES;
				GCC_WARN_CHECK_SWITCH_STATEMENTS = YES;
				GCC_WARN_MISSING_PARENTHESES = YES;
				GCC_WARN_NON_VIRTUAL_DESTRUCTOR = YES;
				GCC_WARN_TYPECHECK_CALLS_TO_PRINTF = YES;
				GCC_WARN_UNUSED_VARIABLE = YES;
				PRODUCT_NAME = "ReactDrum";
				WARNING_CFLAGS = -Wreorder;
				ZERO_LINK = NO; }; name = Release; };
		12D9C9A1D06C4F360C6EF93F = {isa = PBXTargetDependency; target = D750B12EBF17B8AF37B8E86B; };
		F5BE3CD78705824CF0BF4F6E = {isa = XCConfigurationList; buildConfigurations = (
					4592E1C59C3845DF2FD89255,
					30387C149A4EFB10ADAE63F2, ); defaultConfigurationIsVisible = 0; defaultConfigurationName = Debug; };
		D37FCE18B934154C426E7187 = {isa = XCConfigurationList; buildConfigurations = (
					6C21B644E9A919B76C52917A,
					46CF0850403CE59073DB5838, ); defaultConfigurationIsVisible = 0; defaultConfigurationName = Debug; };
		008EB41EB8AB49E840CEC1C1 = {isa = PBXResourcesBuildPhase; buildActionMask = 2147483647; files = (
					1B857CFA7EA0CFE63846A613, ); runOnlyForDeploymentPostprocessing = 0; };
		1B472CF2AD2AD1E59F160621 = {isa = PBXSourcesBuildPhase; buildActionMask = 2147483647; files = (
					ECBE5BDD2A081F6BD233607C,
					BA68BDF7D8FFE0F5CF2188F1,
					796B0BE7540F0FC59DA64770,
					E3F287C8260D25ECD6277A0A,
					B076D64C5A99153107183E4C,
					C036C3C75449952A97AAFACC,
					586CDEED5BAB218F0D616065,
					D5AB83ECCE4D99F3F85D1588,
					2A30AC2387A9DC4F51D157B6,
					CC33475279DD625098241DBE,
					234937BA8AD8DC707B7F0586,
					4DA4022CA807349FB38DD147,
					7967CE0885B46E8B72E92AD5,
					BFBDA8F08A8E64C407848088,
					7FA1CF209500189EDFB080F1,
					1AC3555EFD3F7DF58A5DD535,
					B1228E9B903F2D4B6C759AB1,
					6875779D4D4D2E40E9956576,
					8C3161EF4B7F2AB01FFF9C03,
					5B8B6D11C34AD54DDAA863D0,
					146B27EBF155A8DC7F9B7FBE,
					D2768FECA8C3544BF395B5E3, ); runOnlyForDeploymentPostprocessing = 0; };
		5A1E42DAF5E5819EF1053AA5 = {isa = PBXFrameworksBuildPhase; buildActionMask = 2147483647; files = (
					EBA282384E7C6B6E66E0C448,
					6A52B68A120AE0C7F253EF1F,
					EC4A0860D021E57D900B867F,
					953837FFADB778D55911C892,
					183C89367B801DB98F6E60FE,
					B16AEED56CBA24C30E45764C,
					9DC818091961818B86B2CBC3,
					E5A43BAC6D53B22644DF4676,
					D007115E297A67EB63DFF473,
					005F0491C595182BCD1C945C,
					5FE78AB93FB3D4C00C630E40,
					28DB2BB7DBFA060EF759B715,
					E469A596399578C90489C687, ); runOnlyForDeploymentPostprocessing = 0; };
		D750B12EBF17B8AF37B8E86B = {isa = PBXNativeTarget; buildConfigurationList = D37FCE18B934154C426E7187; buildPhases = (
					008EB41EB8AB49E840CEC1C1,
					1B472CF2AD2AD1E59F160621,
					5A1E42DAF5E5819EF1053AA5, ); buildRules = ( ); dependencies = (  ); name = "ReactDrum - App"; productName = ReactDrum; productReference = 2EA7B6510D139A0C6FAF55B1; productType = "com.apple.product-type.application"; };
		C907DB9098E59CD4E064066A = {isa = PBXProject; buildConfigurationList = F5BE3CD78705824CF0BF4F6E; attributes = { LastUpgradeCheck = 0830; TargetAttributes = { D750B12EBF17B8AF37B8E86B = { SystemCapabilities = {com.apple.InAppPurchase = { enabled = 0; }; com.apple.InterAppAudio = { enabled = 0; }; com.apple.Sandbox = { enabled = 0; }; }; }; }; }; compatibilityVersion = "Xcode 3.2"; hasScannedForEncodings = 0; mainGroup = 8B69AFD70B7CCA8AED69182D; projectDirPath = ""; projectRoot = ""; targets = (D750B12EBF17B8AF37B8E86B); };
	};
	rootObject = C907DB9098E59CD4E064066A;
}
